
Microsoft Visual Studio Solution File, Format Version 12.00
# Visual Studio Version 17
VisualStudioVersion = 17.3.32929.385
MinimumVisualStudioVersion = 10.0.40219.1
Project("{FAE04EC0-301F-11D3-BF4B-00C04F79EFBC}") = "TopicSender", "TopicSender\TopicSender.csproj", "{733E760C-7FA7-4D47-BBE1-AF2F012F6785}"
EndProject
Global
	GlobalSection(SolutionConfigurationPlatforms) = preSolution
		Debug|Any CPU = Debug|Any CPU
		Release|Any CPU = Release|Any CPU
	EndGlobalSection
	GlobalSection(ProjectConfigurationPlatforms) = postSolution
		{733E760C-7FA7-4D47-BBE1-AF2F012F6785}.Debug|Any CPU.ActiveCfg = Debug|Any CPU
		{733E760C-7FA7-4D47-BBE1-AF2F012F6785}.Debug|Any CPU.Build.0 = Debug|Any CPU
		{733E760C-7FA7-4D47-BBE1-AF2F012F6785}.Release|Any CPU.ActiveCfg = Release|Any CPU
		{733E760C-7FA7-4D47-BBE1-AF2F012F6785}.Release|Any CPU.Build.0 = Release|Any CPU
	EndGlobalSection
	GlobalSection(SolutionProperties) = preSolution
		HideSolutionNode = FALSE
	EndGlobalSection
	GlobalSection(ExtensibilityGlobals) = postSolution
		SolutionGuid = {08000E11-7A1E-45B4-97D5-78AB6E79D578}
	EndGlobalSection
EndGlobal
